{
    "name": "@v-libs/cli",
    "version": "1.0.0",
    "lockfileVersion": 2,
    "requires": true,
    "packages": {
        "": {
            "name": "@v-libs/cli",
            "version": "1.0.0",
            "license": "MIT",
            "dependencies": {
                "glob-parent": "^6.0.2",
                "minimist": "^1.2.6",
                "ts-import": "^4.0.0-beta.2"
            },
            "bin": {
                "gln-cli": "index.js"
            }
        },
        "node_modules/comment-parser": {
            "version": "1.3.1",
            "resolved": "https://registry.npmjs.org/comment-parser/-/comment-parser-1.3.1.tgz",
            "integrity": "sha512-B52sN2VNghyq5ofvUsqZjmk6YkihBX5vMSChmSK9v4ShjKf3Vk5Xcmgpw4o+iIgtrnM/u5FiMpz9VKb8lpBveA==",
            "license": "MIT",
            "engines": {
                "node": ">= 12.0.0"
            }
        },
        "node_modules/glob-parent": {
            "version": "6.0.2",
            "resolved": "https://registry.npmjs.org/glob-parent/-/glob-parent-6.0.2.tgz",
            "integrity": "sha512-XxwI8EOhVQgWp6iDL+3b0r86f4d6AX6zSU55HfB4ydCEuXLXc5FcYeOu+nnGftS4TEju/11rt4KJPTMgbfmv4A==",
            "license": "ISC",
            "dependencies": {
                "is-glob": "^4.0.3"
            },
            "engines": {
                "node": ">=10.13.0"
            }
        },
        "node_modules/is-extglob": {
            "version": "2.1.1",
            "resolved": "https://registry.npmjs.org/is-extglob/-/is-extglob-2.1.1.tgz",
            "integrity": "sha512-SbKbANkN603Vi4jEZv49LeVJMn4yGwsbzZworEoyEiutsN3nJYdbO36zfhGJ6QEDpOZIFkDtnq5JRxmvl3jsoQ==",
            "license": "MIT",
            "engines": {
                "node": ">=0.10.0"
            }
        },
        "node_modules/is-glob": {
            "version": "4.0.3",
            "resolved": "https://registry.npmjs.org/is-glob/-/is-glob-4.0.3.tgz",
            "integrity": "sha512-xelSayHH36ZgE7ZWhli7pW34hNbNl8Ojv5KVmkJD4hBdD3th8Tfk9vYasLM+mXWOZhFkgZfxhLSnrwRr4elSSg==",
            "license": "MIT",
            "dependencies": {
                "is-extglob": "^2.1.1"
            },
            "engines": {
                "node": ">=0.10.0"
            }
        },
        "node_modules/minimist": {
            "version": "1.2.8",
            "resolved": "https://registry.npmjs.org/minimist/-/minimist-1.2.8.tgz",
            "integrity": "sha512-2yyAR8qBkN3YuheJanUpWC5U3bb5osDywNB8RzDVlDwDHbocAJveqqj1u8+SVD7jkWT4yvsHCpWqqWqAxb0zCA==",
            "license": "MIT",
            "funding": {
                "url": "https://github.com/sponsors/ljharb"
            }
        },
        "node_modules/options-defaults": {
            "version": "2.0.40",
            "resolved": "https://registry.npmjs.org/options-defaults/-/options-defaults-2.0.40.tgz",
            "integrity": "sha512-a0oW0AMaP/Uqk1gU7s3unE83wzs/MACy3wsCnNREn4wqp4KCcxRdulRjf0d2FeIxENbGJ4EBGtHTQ6J30XB6Cw==",
            "license": "MIT"
        },
        "node_modules/ts-import": {
            "version": "4.0.0-beta.10",
            "resolved": "https://registry.npmjs.org/ts-import/-/ts-import-4.0.0-beta.10.tgz",
            "integrity": "sha512-9AbXC09MF6rOxy4zMo75iu0daETf4DPqEDt8UU/S6HU2yXWcf4xQqAexJCOcGZzGwtViuRdB6p48YhdPLttQJw==",
            "license": "MIT",
            "dependencies": {
                "comment-parser": "1.3.1",
                "options-defaults": "2.0.40",
                "tslib": "2.4.1"
            },
            "engines": {
                "node": ">=14.14.0"
            },
            "peerDependencies": {
                "typescript": "4"
            }
        },
        "node_modules/tslib": {
            "version": "2.4.1",
            "resolved": "https://registry.npmjs.org/tslib/-/tslib-2.4.1.tgz",
            "integrity": "sha512-tGyy4dAjRIEwI7BzsB0lynWgOpfqjUdq91XXAlIWD2OwKBH7oCl/GZG/HT4BOHrTlPMOASlMQ7veyTqpmRcrNA==",
            "license": "0BSD"
        }
    },
    "dependencies": {
        "comment-parser": {
            "version": "1.3.1",
            "resolved": "https://registry.npmjs.org/comment-parser/-/comment-parser-1.3.1.tgz",
            "integrity": "sha512-B52sN2VNghyq5ofvUsqZjmk6YkihBX5vMSChmSK9v4ShjKf3Vk5Xcmgpw4o+iIgtrnM/u5FiMpz9VKb8lpBveA=="
        },
        "glob-parent": {
            "version": "6.0.2",
            "resolved": "https://registry.npmjs.org/glob-parent/-/glob-parent-6.0.2.tgz",
            "integrity": "sha512-XxwI8EOhVQgWp6iDL+3b0r86f4d6AX6zSU55HfB4ydCEuXLXc5FcYeOu+nnGftS4TEju/11rt4KJPTMgbfmv4A==",
            "requires": {
                "is-glob": "^4.0.3"
            }
        },
        "is-extglob": {
            "version": "2.1.1",
            "resolved": "https://registry.npmjs.org/is-extglob/-/is-extglob-2.1.1.tgz",
            "integrity": "sha512-SbKbANkN603Vi4jEZv49LeVJMn4yGwsbzZworEoyEiutsN3nJYdbO36zfhGJ6QEDpOZIFkDtnq5JRxmvl3jsoQ=="
        },
        "is-glob": {
            "version": "4.0.3",
            "resolved": "https://registry.npmjs.org/is-glob/-/is-glob-4.0.3.tgz",
            "integrity": "sha512-xelSayHH36ZgE7ZWhli7pW34hNbNl8Ojv5KVmkJD4hBdD3th8Tfk9vYasLM+mXWOZhFkgZfxhLSnrwRr4elSSg==",
            "requires": {
                "is-extglob": "^2.1.1"
            }
        },
        "minimist": {
            "version": "1.2.8",
            "resolved": "https://registry.npmjs.org/minimist/-/minimist-1.2.8.tgz",
            "integrity": "sha512-2yyAR8qBkN3YuheJanUpWC5U3bb5osDywNB8RzDVlDwDHbocAJveqqj1u8+SVD7jkWT4yvsHCpWqqWqAxb0zCA=="
        },
        "options-defaults": {
            "version": "2.0.40",
            "resolved": "https://registry.npmjs.org/options-defaults/-/options-defaults-2.0.40.tgz",
            "integrity": "sha512-a0oW0AMaP/Uqk1gU7s3unE83wzs/MACy3wsCnNREn4wqp4KCcxRdulRjf0d2FeIxENbGJ4EBGtHTQ6J30XB6Cw=="
        },
        "ts-import": {
            "version": "4.0.0-beta.10",
            "resolved": "https://registry.npmjs.org/ts-import/-/ts-import-4.0.0-beta.10.tgz",
            "integrity": "sha512-9AbXC09MF6rOxy4zMo75iu0daETf4DPqEDt8UU/S6HU2yXWcf4xQqAexJCOcGZzGwtViuRdB6p48YhdPLttQJw==",
            "requires": {
                "comment-parser": "1.3.1",
                "options-defaults": "2.0.40",
                "tslib": "2.4.1"
            }
        },
        "tslib": {
            "version": "2.4.1",
            "resolved": "https://registry.npmjs.org/tslib/-/tslib-2.4.1.tgz",
            "integrity": "sha512-tGyy4dAjRIEwI7BzsB0lynWgOpfqjUdq91XXAlIWD2OwKBH7oCl/GZG/HT4BOHrTlPMOASlMQ7veyTqpmRcrNA=="
        }
    }
}
